
Microsoft Visual Studio Solution File, Format Version 12.00
# Visual Studio Version 17
VisualStudioVersion = 17.9.34622.214
MinimumVisualStudioVersion = 10.0.40219.1
Project("{FAE04EC0-301F-11D3-BF4B-00C04F79EFBC}") = "BetterDiscordUpdater", "BetterDiscordUpdater\BetterDiscordUpdater.csproj", "{ED1715F5-887B-4C43-A9A4-D0B76A97AD92}"
EndProject
Global
	GlobalSection(SolutionConfigurationPlatforms) = preSolution
		Debug|Any CPU = Debug|Any CPU
		Release|Any CPU = Release|Any CPU
	EndGlobalSection
	GlobalSection(ProjectConfigurationPlatforms) = postSolution
		{ED1715F5-887B-4C43-A9A4-D0B76A97AD92}.Debug|Any CPU.ActiveCfg = Debug|Any CPU
		{ED1715F5-887B-4C43-A9A4-D0B76A97AD92}.Debug|Any CPU.Build.0 = Debug|Any CPU
		{ED1715F5-887B-4C43-A9A4-D0B76A97AD92}.Release|Any CPU.ActiveCfg = Release|Any CPU
		{ED1715F5-887B-4C43-A9A4-D0B76A97AD92}.Release|Any CPU.Build.0 = Release|Any CPU
	EndGlobalSection
	GlobalSection(SolutionProperties) = preSolution
		HideSolutionNode = FALSE
	EndGlobalSection
	GlobalSection(ExtensibilityGlobals) = postSolution
		SolutionGuid = {94081E8B-AF9E-40B1-A1F5-F730E483CFD9}
	EndGlobalSection
EndGlobal
